// !$*UTF8*$!
{
	archiveVersion = 1;
	classes = {
	};
	objectVersion = 55;
	objects = {

/* Begin PBXBuildFile section */
		4BAA3450F42B6E220830B8BB /* Pods_Quick_Notes.framework in Frameworks */ = {isa = PBXBuildFile; fileRef = BFE20D34A736F6BDA9BF405D /* Pods_Quick_Notes.framework */; };
		8610F1CF271B9A4C0094E05D /* Quick_NotesApp.swift in Sources */ = {isa = PBXBuildFile; fileRef = 8610F1CE271B9A4C0094E05D /* Quick_NotesApp.swift */; };
		8610F1D1271B9A4C0094E05D /* ContentView.swift in Sources */ = {isa = PBXBuildFile; fileRef = 8610F1D0271B9A4C0094E05D /* ContentView.swift */; };
		8610F1D3271B9A4C0094E05D /* Assets.xcassets in Resources */ = {isa = PBXBuildFile; fileRef = 8610F1D2271B9A4C0094E05D /* Assets.xcassets */; };
		8610F1D6271B9A4C0094E05D /* Preview Assets.xcassets in Resources */ = {isa = PBXBuildFile; fileRef = 8610F1D5271B9A4C0094E05D /* Preview Assets.xcassets */; };
		8610F1DD271B9F360094E05D /* GoogleService-Info.plist in Resources */ = {isa = PBXBuildFile; fileRef = 8610F1DC271B9F360094E05D /* GoogleService-Info.plist */; };
		861824CF271C7CD10014DCE4 /* NoteViewModel.swift in Sources */ = {isa = PBXBuildFile; fileRef = 861824CE271C7CD10014DCE4 /* NoteViewModel.swift */; };
		861824D1271C7F8A0014DCE4 /* NoteRespository.swift in Sources */ = {isa = PBXBuildFile; fileRef = 861824D0271C7F8A0014DCE4 /* NoteRespository.swift */; };
		869B7670271BDF15005DFAA3 /* AuthenticationView.swift in Sources */ = {isa = PBXBuildFile; fileRef = 869B766F271BDF15005DFAA3 /* AuthenticationView.swift */; };
		869B7672271BDF4C005DFAA3 /* CreateAccountView.swift in Sources */ = {isa = PBXBuildFile; fileRef = 869B7671271BDF4C005DFAA3 /* CreateAccountView.swift */; };
		869B7676271BE348005DFAA3 /* HomeView.swift in Sources */ = {isa = PBXBuildFile; fileRef = 869B7675271BE348005DFAA3 /* HomeView.swift */; };
		869B7678271BEEBD005DFAA3 /* NewNoteView.swift in Sources */ = {isa = PBXBuildFile; fileRef = 869B7677271BEEBD005DFAA3 /* NewNoteView.swift */; };
		86FC199B271CCB21007E35F4 /* NotesListView.swift in Sources */ = {isa = PBXBuildFile; fileRef = 86FC199A271CCB21007E35F4 /* NotesListView.swift */; };
/* End PBXBuildFile section */

/* Begin PBXFileReference section */
		7BB8D7FC6605F1A98C6E877B /* Pods-Quick Notes.debug.xcconfig */ = {isa = PBXFileReference; includeInIndex = 1; lastKnownFileType = text.xcconfig; name = "Pods-Quick Notes.debug.xcconfig"; path = "Target Support Files/Pods-Quick Notes/Pods-Quick Notes.debug.xcconfig"; sourceTree = "<group>"; };
		8610F1CB271B9A4C0094E05D /* Quick Notes.app */ = {isa = PBXFileReference; explicitFileType = wrapper.application; includeInIndex = 0; path = "Quick Notes.app"; sourceTree = BUILT_PRODUCTS_DIR; };
		8610F1CE271B9A4C0094E05D /* Quick_NotesApp.swift */ = {isa = PBXFileReference; lastKnownFileType = sourcecode.swift; path = Quick_NotesApp.swift; sourceTree = "<group>"; };
		8610F1D0271B9A4C0094E05D /* ContentView.swift */ = {isa = PBXFileReference; lastKnownFileType = sourcecode.swift; path = ContentView.swift; sourceTree = "<group>"; };
		8610F1D2271B9A4C0094E05D /* Assets.xcassets */ = {isa = PBXFileReference; lastKnownFileType = folder.assetcatalog; path = Assets.xcassets; sourceTree = "<group>"; };
		8610F1D5271B9A4C0094E05D /* Preview Assets.xcassets */ = {isa = PBXFileReference; lastKnownFileType = folder.assetcatalog; path = "Preview Assets.xcassets"; sourceTree = "<group>"; };
		8610F1DC271B9F360094E05D /* GoogleService-Info.plist */ = {isa = PBXFileReference; fileEncoding = 4; lastKnownFileType = text.plist.xml; path = "GoogleService-Info.plist"; sourceTree = "<group>"; };
		861824CE271C7CD10014DCE4 /* NoteViewModel.swift */ = {isa = PBXFileReference; lastKnownFileType = sourcecode.swift; path = NoteViewModel.swift; sourceTree = "<group>"; };
		861824D0271C7F8A0014DCE4 /* NoteRespository.swift */ = {isa = PBXFileReference; lastKnownFileType = sourcecode.swift; path = NoteRespository.swift; sourceTree = "<group>"; };
		869B766F271BDF15005DFAA3 /* AuthenticationView.swift */ = {isa = PBXFileReference; lastKnownFileType = sourcecode.swift; path = AuthenticationView.swift; sourceTree = "<group>"; };
		869B7671271BDF4C005DFAA3 /* CreateAccountView.swift */ = {isa = PBXFileReference; lastKnownFileType = sourcecode.swift; path = CreateAccountView.swift; sourceTree = "<group>"; };
		869B7675271BE348005DFAA3 /* HomeView.swift */ = {isa = PBXFileReference; lastKnownFileType = sourcecode.swift; path = HomeView.swift; sourceTree = "<group>"; };
		869B7677271BEEBD005DFAA3 /* NewNoteView.swift */ = {isa = PBXFileReference; lastKnownFileType = sourcecode.swift; path = NewNoteView.swift; sourceTree = "<group>"; };
		86FC199A271CCB21007E35F4 /* NotesListView.swift */ = {isa = PBXFileReference; lastKnownFileType = sourcecode.swift; path = NotesListView.swift; sourceTree = "<group>"; };
		BFE20D34A736F6BDA9BF405D /* Pods_Quick_Notes.framework */ = {isa = PBXFileReference; explicitFileType = wrapper.framework; includeInIndex = 0; path = Pods_Quick_Notes.framework; sourceTree = BUILT_PRODUCTS_DIR; };
		E52C9E58615DD992CD0E7714 /* Pods-Quick Notes.release.xcconfig */ = {isa = PBXFileReference; includeInIndex = 1; lastKnownFileType = text.xcconfig; name = "Pods-Quick Notes.release.xcconfig"; path = "Target Support Files/Pods-Quick Notes/Pods-Quick Notes.release.xcconfig"; sourceTree = "<group>"; };
/* End PBXFileReference section */

/* Begin PBXFrameworksBuildPhase section */
		8610F1C8271B9A4C0094E05D /* Frameworks */ = {
			isa = PBXFrameworksBuildPhase;
			buildActionMask = 2147483647;
			files = (
				4BAA3450F42B6E220830B8BB /* Pods_Quick_Notes.framework in Frameworks */,
			);
			runOnlyForDeploymentPostprocessing = 0;
		};
/* End PBXFrameworksBuildPhase section */

/* Begin PBXGroup section */
		0896EBE2AB6E548068DC4BF9 /* Pods */ = {
			isa = PBXGroup;
			children = (
				7BB8D7FC6605F1A98C6E877B /* Pods-Quick Notes.debug.xcconfig */,
				E52C9E58615DD992CD0E7714 /* Pods-Quick Notes.release.xcconfig */,
			);
			path = Pods;
			sourceTree = "<group>";
		};
		8610F1C2271B9A4C0094E05D = {
			isa = PBXGroup;
			children = (
				8610F1CD271B9A4C0094E05D /* Quick Notes */,
				8610F1CC271B9A4C0094E05D /* Products */,
				0896EBE2AB6E548068DC4BF9 /* Pods */,
				B15DB4F960D4B71BFA1D773E /* Frameworks */,
			);
			sourceTree = "<group>";
		};
		8610F1CC271B9A4C0094E05D /* Products */ = {
			isa = PBXGroup;
			children = (
				8610F1CB271B9A4C0094E05D /* Quick Notes.app */,
			);
			name = Products;
			sourceTree = "<group>";
		};
		8610F1CD271B9A4C0094E05D /* Quick Notes */ = {
			isa = PBXGroup;
			children = (
				8610F1DE271BCCE00094E05D /* Views */,
				8610F1DC271B9F360094E05D /* GoogleService-Info.plist */,
				8610F1CE271B9A4C0094E05D /* Quick_NotesApp.swift */,
				8610F1D2271B9A4C0094E05D /* Assets.xcassets */,
				8610F1D4271B9A4C0094E05D /* Preview Content */,
				861824D0271C7F8A0014DCE4 /* NoteRespository.swift */,
			);
			path = "Quick Notes";
			sourceTree = "<group>";
		};
		8610F1D4271B9A4C0094E05D /* Preview Content */ = {
			isa = PBXGroup;
			children = (
				8610F1D5271B9A4C0094E05D /* Preview Assets.xcassets */,
			);
			path = "Preview Content";
			sourceTree = "<group>";
		};
		8610F1DE271BCCE00094E05D /* Views */ = {
			isa = PBXGroup;
			children = (
				8610F1D0271B9A4C0094E05D /* ContentView.swift */,
				869B766F271BDF15005DFAA3 /* AuthenticationView.swift */,
				869B7671271BDF4C005DFAA3 /* CreateAccountView.swift */,
				869B7675271BE348005DFAA3 /* HomeView.swift */,
				869B7677271BEEBD005DFAA3 /* NewNoteView.swift */,
				861824CE271C7CD10014DCE4 /* NoteViewModel.swift */,
				86FC199A271CCB21007E35F4 /* NotesListView.swift */,
			);
			path = Views;
			sourceTree = "<group>";
		};
		B15DB4F960D4B71BFA1D773E /* Frameworks */ = {
			isa = PBXGroup;
			children = (
				BFE20D34A736F6BDA9BF405D /* Pods_Quick_Notes.framework */,
			);
			name = Frameworks;
			sourceTree = "<group>";
		};
/* End PBXGroup section */

/* Begin PBXNativeTarget section */
		8610F1CA271B9A4C0094E05D /* Quick Notes */ = {
			isa = PBXNativeTarget;
			buildConfigurationList = 8610F1D9271B9A4C0094E05D /* Build configuration list for PBXNativeTarget "Quick Notes" */;
			buildPhases = (
				56A2C0FB8F3EEA8819AFF77D /* [CP] Check Pods Manifest.lock */,
				8610F1C7271B9A4C0094E05D /* Sources */,
				8610F1C8271B9A4C0094E05D /* Frameworks */,
				8610F1C9271B9A4C0094E05D /* Resources */,
				4CB814A2C3AB21FC6B5FC5FE /* [CP] Embed Pods Frameworks */,
			);
			buildRules = (
			);
			dependencies = (
			);
			name = "Quick Notes";
			productName = "Quick Notes";
			productReference = 8610F1CB271B9A4C0094E05D /* Quick Notes.app */;
			productType = "com.apple.product-type.application";
		};
/* End PBXNativeTarget section */

/* Begin PBXProject section */
		8610F1C3271B9A4C0094E05D /* Project object */ = {
			isa = PBXProject;
			attributes = {
				BuildIndependentTargetsInParallel = 1;
				LastSwiftUpdateCheck = 1300;
				LastUpgradeCheck = 1300;
				TargetAttributes = {
					8610F1CA271B9A4C0094E05D = {
						CreatedOnToolsVersion = 13.0;
					};
				};
			};
			buildConfigurationList = 8610F1C6271B9A4C0094E05D /* Build configuration list for PBXProject "Quick Notes" */;
			compatibilityVersion = "Xcode 13.0";
			developmentRegion = en;
			hasScannedForEncodings = 0;
			knownRegions = (
				en,
				Base,
			);
			mainGroup = 8610F1C2271B9A4C0094E05D;
			productRefGroup = 8610F1CC271B9A4C0094E05D /* Products */;
			projectDirPath = "";
			projectRoot = "";
			targets = (
				8610F1CA271B9A4C0094E05D /* Quick Notes */,
			);
		};
/* End PBXProject section */

/* Begin PBXResourcesBuildPhase section */
		8610F1C9271B9A4C0094E05D /* Resources */ = {
			isa = PBXResourcesBuildPhase;
			buildActionMask = 2147483647;
			files = (
				8610F1DD271B9F360094E05D /* GoogleService-Info.plist in Resources */,
				8610F1D6271B9A4C0094E05D /* Preview Assets.xcassets in Resources */,
				8610F1D3271B9A4C0094E05D /* Assets.xcassets in Resources */,
			);
			runOnlyForDeploymentPostprocessing = 0;
		};
/* End PBXResourcesBuildPhase section */

/* Begin PBXShellScriptBuildPhase section */
		4CB814A2C3AB21FC6B5FC5FE /* [CP] Embed Pods Frameworks */ = {
			isa = PBXShellScriptBuildPhase;
			buildActionMask = 2147483647;
			files = (
			);
			inputFileListPaths = (
				"${PODS_ROOT}/Target Support Files/Pods-Quick Notes/Pods-Quick Notes-frameworks-${CONFIGURATION}-input-files.xcfilelist",
			);
			name = "[CP] Embed Pods Frameworks";
			outputFileListPaths = (
				"${PODS_ROOT}/Target Support Files/Pods-Quick Notes/Pods-Quick Notes-frameworks-${CONFIGURATION}-output-files.xcfilelist",
			);
			runOnlyForDeploymentPostprocessing = 0;
			shellPath = /bin/sh;
			shellScript = "\"${PODS_ROOT}/Target Support Files/Pods-Quick Notes/Pods-Quick Notes-frameworks.sh\"\n";
			showEnvVarsInLog = 0;
		};
		56A2C0FB8F3EEA8819AFF77D /* [CP] Check Pods Manifest.lock */ = {
			isa = PBXShellScriptBuildPhase;
			buildActionMask = 2147483647;
			files = (
			);
			inputFileListPaths = (
			);
			inputPaths = (
				"${PODS_PODFILE_DIR_PATH}/Podfile.lock",
				"${PODS_ROOT}/Manifest.lock",
			);
			name = "[CP] Check Pods Manifest.lock";
			outputFileListPaths = (
			);
			outputPaths = (
				"$(DERIVED_FILE_DIR)/Pods-Quick Notes-checkManifestLockResult.txt",
			);
			runOnlyForDeploymentPostprocessing = 0;
			shellPath = /bin/sh;
			shellScript = "diff \"${PODS_PODFILE_DIR_PATH}/Podfile.lock\" \"${PODS_ROOT}/Manifest.lock\" > /dev/null\nif [ $? != 0 ] ; then\n    # print error to STDERR\n    echo \"error: The sandbox is not in sync with the Podfile.lock. Run 'pod install' or update your CocoaPods installation.\" >&2\n    exit 1\nfi\n# This output is used by Xcode 'outputs' to avoid re-running this script phase.\necho \"SUCCESS\" > \"${SCRIPT_OUTPUT_FILE_0}\"\n";
			showEnvVarsInLog = 0;
		};
/* End PBXShellScriptBuildPhase section */

/* Begin PBXSourcesBuildPhase section */
		8610F1C7271B9A4C0094E05D /* Sources */ = {
			isa = PBXSourcesBuildPhase;
			buildActionMask = 2147483647;
			files = (
				861824CF271C7CD10014DCE4 /* NoteViewModel.swift in Sources */,
				861824D1271C7F8A0014DCE4 /* NoteRespository.swift in Sources */,
				8610F1D1271B9A4C0094E05D /* ContentView.swift in Sources */,
				869B7678271BEEBD005DFAA3 /* NewNoteView.swift in Sources */,
				8610F1CF271B9A4C0094E05D /* Quick_NotesApp.swift in Sources */,
				869B7672271BDF4C005DFAA3 /* CreateAccountView.swift in Sources */,
				869B7676271BE348005DFAA3 /* HomeView.swift in Sources */,
				86FC199B271CCB21007E35F4 /* NotesListView.swift in Sources */,
				869B7670271BDF15005DFAA3 /* AuthenticationView.swift in Sources */,
			);
			runOnlyForDeploymentPostprocessing = 0;
		};
/* End PBXSourcesBuildPhase section */

/* Begin XCBuildConfiguration section */
		8610F1D7271B9A4C0094E05D /* Debug */ = {
			isa = XCBuildConfiguration;
			buildSettings = {
				ALWAYS_SEARCH_USER_PATHS = NO;
				CLANG_ANALYZER_NONNULL = YES;
				CLANG_ANALYZER_NUMBER_OBJECT_CONVERSION = YES_AGGRESSIVE;
				CLANG_CXX_LANGUAGE_STANDARD = "gnu++17";
				CLANG_CXX_LIBRARY = "libc++";
				CLANG_ENABLE_MODULES = YES;
				CLANG_ENABLE_OBJC_ARC = YES;
				CLANG_ENABLE_OBJC_WEAK = YES;
				CLANG_WARN_BLOCK_CAPTURE_AUTORELEASING = YES;
				CLANG_WARN_BOOL_CONVERSION = YES;
				CLANG_WARN_COMMA = YES;
				CLANG_WARN_CONSTANT_CONVERSION = YES;
				CLANG_WARN_DEPRECATED_OBJC_IMPLEMENTATIONS = YES;
				CLANG_WARN_DIRECT_OBJC_ISA_USAGE = YES_ERROR;
				CLANG_WARN_DOCUMENTATION_COMMENTS = YES;
				CLANG_WARN_EMPTY_BODY = YES;
				CLANG_WARN_ENUM_CONVERSION = YES;
				CLANG_WARN_INFINITE_RECURSION = YES;
				CLANG_WARN_INT_CONVERSION = YES;
				CLANG_WARN_NON_LITERAL_NULL_CONVERSION = YES;
				CLANG_WARN_OBJC_IMPLICIT_RETAIN_SELF = YES;
				CLANG_WARN_OBJC_LITERAL_CONVERSION = YES;
				CLANG_WARN_OBJC_ROOT_CLASS = YES_ERROR;
				CLANG_WARN_QUOTED_INCLUDE_IN_FRAMEWORK_HEADER = YES;
				CLANG_WARN_RANGE_LOOP_ANALYSIS = YES;
				CLANG_WARN_STRICT_PROTOTYPES = YES;
				CLANG_WARN_SUSPICIOUS_MOVE = YES;
				CLANG_WARN_UNGUARDED_AVAILABILITY = YES_AGGRESSIVE;
				CLANG_WARN_UNREACHABLE_CODE = YES;
				CLANG_WARN__DUPLICATE_METHOD_MATCH = YES;
				COPY_PHASE_STRIP = NO;
				DEBUG_INFORMATION_FORMAT = dwarf;
				ENABLE_STRICT_OBJC_MSGSEND = YES;
				ENABLE_TESTABILITY = YES;
				GCC_C_LANGUAGE_STANDARD = gnu11;
				GCC_DYNAMIC_NO_PIC = NO;
				GCC_NO_COMMON_BLOCKS = YES;
				GCC_OPTIMIZATION_LEVEL = 0;
				GCC_PREPROCESSOR_DEFINITIONS = (
					"DEBUG=1",
					"$(inherited)",
				);
				GCC_WARN_64_TO_32_BIT_CONVERSION = YES;
				GCC_WARN_ABOUT_RETURN_TYPE = YES_ERROR;
				GCC_WARN_UNDECLARED_SELECTOR = YES;
				GCC_WARN_UNINITIALIZED_AUTOS = YES_AGGRESSIVE;
				GCC_WARN_UNUSED_FUNCTION = YES;
				GCC_WARN_UNUSED_VARIABLE = YES;
				IPHONEOS_DEPLOYMENT_TARGET = 15.0;
				MTL_ENABLE_DEBUG_INFO = INCLUDE_SOURCE;
				MTL_FAST_MATH = YES;
				ONLY_ACTIVE_ARCH = YES;
				SDKROOT = iphoneos;
				SWIFT_ACTIVE_COMPILATION_CONDITIONS = DEBUG;
				SWIFT_OPTIMIZATION_LEVEL = "-Onone";
			};
			name = Debug;
		};
		8610F1D8271B9A4C0094E05D /* Release */ = {
			isa = XCBuildConfiguration;
			buildSettings = {
				ALWAYS_SEARCH_USER_PATHS = NO;
				CLANG_ANALYZER_NONNULL = YES;
				CLANG_ANALYZER_NUMBER_OBJECT_CONVERSION = YES_AGGRESSIVE;
				CLANG_CXX_LANGUAGE_STANDARD = "gnu++17";
				CLANG_CXX_LIBRARY = "libc++";
				CLANG_ENABLE_MODULES = YES;
				CLANG_ENABLE_OBJC_ARC = YES;
				CLANG_ENABLE_OBJC_WEAK = YES;
				CLANG_WARN_BLOCK_CAPTURE_AUTORELEASING = YES;
				CLANG_WARN_BOOL_CONVERSION = YES;
				CLANG_WARN_COMMA = YES;
				CLANG_WARN_CONSTANT_CONVERSION = YES;
				CLANG_WARN_DEPRECATED_OBJC_IMPLEMENTATIONS = YES;
				CLANG_WARN_DIRECT_OBJC_ISA_USAGE = YES_ERROR;
				CLANG_WARN_DOCUMENTATION_COMMENTS = YES;
				CLANG_WARN_EMPTY_BODY = YES;
				CLANG_WARN_ENUM_CONVERSION = YES;
				CLANG_WARN_INFINITE_RECURSION = YES;
				CLANG_WARN_INT_CONVERSION = YES;
				CLANG_WARN_NON_LITERAL_NULL_CONVERSION = YES;
				CLANG_WARN_OBJC_IMPLICIT_RETAIN_SELF = YES;
				CLANG_WARN_OBJC_LITERAL_CONVERSION = YES;
				CLANG_WARN_OBJC_ROOT_CLASS = YES_ERROR;
				CLANG_WARN_QUOTED_INCLUDE_IN_FRAMEWORK_HEADER = YES;
				CLANG_WARN_RANGE_LOOP_ANALYSIS = YES;
				CLANG_WARN_STRICT_PROTOTYPES = YES;
				CLANG_WARN_SUSPICIOUS_MOVE = YES;
				CLANG_WARN_UNGUARDED_AVAILABILITY = YES_AGGRESSIVE;
				CLANG_WARN_UNREACHABLE_CODE = YES;
				CLANG_WARN__DUPLICATE_METHOD_MATCH = YES;
				COPY_PHASE_STRIP = NO;
				DEBUG_INFORMATION_FORMAT = "dwarf-with-dsym";
				ENABLE_NS_ASSERTIONS = NO;
				ENABLE_STRICT_OBJC_MSGSEND = YES;
				GCC_C_LANGUAGE_STANDARD = gnu11;
				GCC_NO_COMMON_BLOCKS = YES;
				GCC_WARN_64_TO_32_BIT_CONVERSION = YES;
				GCC_WARN_ABOUT_RETURN_TYPE = YES_ERROR;
				GCC_WARN_UNDECLARED_SELECTOR = YES;
				GCC_WARN_UNINITIALIZED_AUTOS = YES_AGGRESSIVE;
				GCC_WARN_UNUSED_FUNCTION = YES;
				GCC_WARN_UNUSED_VARIABLE = YES;
				IPHONEOS_DEPLOYMENT_TARGET = 15.0;
				MTL_ENABLE_DEBUG_INFO = NO;
				MTL_FAST_MATH = YES;
				SDKROOT = iphoneos;
				SWIFT_COMPILATION_MODE = wholemodule;
				SWIFT_OPTIMIZATION_LEVEL = "-O";
				VALIDATE_PRODUCT = YES;
			};
			name = Release;
		};
		8610F1DA271B9A4C0094E05D /* Debug */ = {
			isa = XCBuildConfiguration;
			baseConfigurationReference = 7BB8D7FC6605F1A98C6E877B /* Pods-Quick Notes.debug.xcconfig */;
			buildSettings = {
				ASSETCATALOG_COMPILER_APPICON_NAME = AppIcon;
				ASSETCATALOG_COMPILER_GLOBAL_ACCENT_COLOR_NAME = AccentColor;
				CODE_SIGN_STYLE = Automatic;
				CURRENT_PROJECT_VERSION = 1;
				DEVELOPMENT_ASSET_PATHS = "\"Quick Notes/Preview Content\"";
				DEVELOPMENT_TEAM = TUNVJN85VZ;
				ENABLE_PREVIEWS = YES;
				GENERATE_INFOPLIST_FILE = YES;
				INFOPLIST_KEY_UIApplicationSceneManifest_Generation = YES;
				INFOPLIST_KEY_UIApplicationSupportsIndirectInputEvents = YES;
				INFOPLIST_KEY_UILaunchScreen_Generation = YES;
				INFOPLIST_KEY_UISupportedInterfaceOrientations_iPad = "UIInterfaceOrientationPortrait UIInterfaceOrientationPortraitUpsideDown UIInterfaceOrientationLandscapeLeft UIInterfaceOrientationLandscapeRight";
				INFOPLIST_KEY_UISupportedInterfaceOrientations_iPhone = "UIInterfaceOrientationPortrait UIInterfaceOrientationLandscapeLeft UIInterfaceOrientationLandscapeRight";
				IPHONEOS_DEPLOYMENT_TARGET = 14.0;
				LD_RUNPATH_SEARCH_PATHS = (
					"$(inherited)",
					"@executable_path/Frameworks",
				);
				MARKETING_VERSION = 1.0;
				PRODUCT_BUNDLE_IDENTIFIER = "co.drewtjohnson.Quick-Notes";
				PRODUCT_NAME = "$(TARGET_NAME)";
				SWIFT_EMIT_LOC_STRINGS = YES;
				SWIFT_VERSION = 5.0;
				TARGETED_DEVICE_FAMILY = "1,2";
			};
			name = Debug;
		};
		8610F1DB271B9A4C0094E05D /* Release */ = {
			isa = XCBuildConfiguration;
			baseConfigurationReference = E52C9E58615DD992CD0E7714 /* Pods-Quick Notes.release.xcconfig */;
			buildSettings = {
				ASSETCATALOG_COMPILER_APPICON_NAME = AppIcon;
				ASSETCATALOG_COMPILER_GLOBAL_ACCENT_COLOR_NAME = AccentColor;
				CODE_SIGN_STYLE = Automatic;
				CURRENT_PROJECT_VERSION = 1;
				DEVELOPMENT_ASSET_PATHS = "\"Quick Notes/Preview Content\"";
				DEVELOPMENT_TEAM = TUNVJN85VZ;
				ENABLE_PREVIEWS = YES;
				GENERATE_INFOPLIST_FILE = YES;
				INFOPLIST_KEY_UIApplicationSceneManifest_Generation = YES;
				INFOPLIST_KEY_UIApplicationSupportsIndirectInputEvents = YES;
				INFOPLIST_KEY_UILaunchScreen_Generation = YES;
				INFOPLIST_KEY_UISupportedInterfaceOrientations_iPad = "UIInterfaceOrientationPortrait UIInterfaceOrientationPortraitUpsideDown UIInterfaceOrientationLandscapeLeft UIInterfaceOrientationLandscapeRight";
				INFOPLIST_KEY_UISupportedInterfaceOrientations_iPhone = "UIInterfaceOrientationPortrait UIInterfaceOrientationLandscapeLeft UIInterfaceOrientationLandscapeRight";
				IPHONEOS_DEPLOYMENT_TARGET = 14.0;
				LD_RUNPATH_SEARCH_PATHS = (
					"$(inherited)",
					"@executable_path/Frameworks",
				);
				MARKETING_VERSION = 1.0;
				PRODUCT_BUNDLE_IDENTIFIER = "co.drewtjohnson.Quick-Notes";
				PRODUCT_NAME = "$(TARGET_NAME)";
				SWIFT_EMIT_LOC_STRINGS = YES;
				SWIFT_VERSION = 5.0;
				TARGETED_DEVICE_FAMILY = "1,2";
			};
			name = Release;
		};
/* End XCBuildConfiguration section */

/* Begin XCConfigurationList section */
		8610F1C6271B9A4C0094E05D /* Build configuration list for PBXProject "Quick Notes" */ = {
			isa = XCConfigurationList;
			buildConfigurations = (
				8610F1D7271B9A4C0094E05D /* Debug */,
				8610F1D8271B9A4C0094E05D /* Release */,
			);
			defaultConfigurationIsVisible = 0;
			defaultConfigurationName = Release;
		};
		8610F1D9271B9A4C0094E05D /* Build configuration list for PBXNativeTarget "Quick Notes" */ = {
			isa = XCConfigurationList;
			buildConfigurations = (
				8610F1DA271B9A4C0094E05D /* Debug */,
				8610F1DB271B9A4C0094E05D /* Release */,
			);
			defaultConfigurationIsVisible = 0;
			defaultConfigurationName = Release;
		};
/* End XCConfigurationList section */
	};
	rootObject = 8610F1C3271B9A4C0094E05D /* Project object */;
}
